// !$*UTF8*$!
{
	archiveVersion = 1;
	classes = {
	};
	objectVersion = 46;
	objects = {

/* Begin PBXBuildFile section */
		82BB22D419464ECB00D65A36 /* main.m in Sources */ = {isa = PBXBuildFile; fileRef = 82BB22D319464ECB00D65A36 /* main.m */; };
		82BB22D719464ECB00D65A36 /* AppDelegate.m in Sources */ = {isa = PBXBuildFile; fileRef = 82BB22D619464ECB00D65A36 /* AppDelegate.m */; };
		82BB22DA19464ECB00D65A36 /* TestSwift.xcdatamodeld in Sources */ = {isa = PBXBuildFile; fileRef = 82BB22D819464ECB00D65A36 /* TestSwift.xcdatamodeld */; };
		82BB22DC19464ECB00D65A36 /* Images.xcassets in Resources */ = {isa = PBXBuildFile; fileRef = 82BB22DB19464ECB00D65A36 /* Images.xcassets */; };
		82BB22E819464ECB00D65A36 /* TestSwiftTests.m in Sources */ = {isa = PBXBuildFile; fileRef = 82BB22E719464ECB00D65A36 /* TestSwiftTests.m */; };
/* End PBXBuildFile section */

/* Begin PBXContainerItemProxy section */
		82BB22E219464ECB00D65A36 /* PBXContainerItemProxy */ = {
			isa = PBXContainerItemProxy;
			containerPortal = 82BB22C619464ECB00D65A36 /* Project object */;
			proxyType = 1;
			remoteGlobalIDString = 82BB22CD19464ECB00D65A36;
			remoteInfo = TestSwift;
		};
/* End PBXContainerItemProxy section */

/* Begin PBXFileReference section */
		82BB22CE19464ECB00D65A36 /* TestSwift.app */ = {isa = PBXFileReference; explicitFileType = wrapper.application; includeInIndex = 0; path = TestSwift.app; sourceTree = BUILT_PRODUCTS_DIR; };
		82BB22D219464ECB00D65A36 /* Info.plist */ = {isa = PBXFileReference; lastKnownFileType = text.plist.xml; path = Info.plist; sourceTree = "<group>"; };
		82BB22D319464ECB00D65A36 /* main.m */ = {isa = PBXFileReference; lastKnownFileType = sourcecode.c.objc; path = main.m; sourceTree = "<group>"; };
		82BB22D519464ECB00D65A36 /* AppDelegate.h */ = {isa = PBXFileReference; lastKnownFileType = sourcecode.c.h; path = AppDelegate.h; sourceTree = "<group>"; };
		82BB22D619464ECB00D65A36 /* AppDelegate.m */ = {isa = PBXFileReference; lastKnownFileType = sourcecode.c.objc; path = AppDelegate.m; sourceTree = "<group>"; };
		82BB22D919464ECB00D65A36 /* TestSwift.xcdatamodel */ = {isa = PBXFileReference; lastKnownFileType = wrapper.xcdatamodel; path = TestSwift.xcdatamodel; sourceTree = "<group>"; };
		82BB22DB19464ECB00D65A36 /* Images.xcassets */ = {isa = PBXFileReference; lastKnownFileType = folder.assetcatalog; path = Images.xcassets; sourceTree = "<group>"; };
		82BB22E119464ECB00D65A36 /* TestSwiftTests.xctest */ = {isa = PBXFileReference; explicitFileType = wrapper.cfbundle; includeInIndex = 0; path = TestSwiftTests.xctest; sourceTree = BUILT_PRODUCTS_DIR; };
		82BB22E619464ECB00D65A36 /* Info.plist */ = {isa = PBXFileReference; lastKnownFileType = text.plist.xml; path = Info.plist; sourceTree = "<group>"; };
		82BB22E719464ECB00D65A36 /* TestSwiftTests.m */ = {isa = PBXFileReference; lastKnownFileType = sourcecode.c.objc; path = TestSwiftTests.m; sourceTree = "<group>"; };
/* End PBXFileReference section */

/* Begin PBXFrameworksBuildPhase section */
		82BB22CB19464ECB00D65A36 /* Frameworks */ = {
			isa = PBXFrameworksBuildPhase;
			buildActionMask = 2147483647;
			files = (
			);
			runOnlyForDeploymentPostprocessing = 0;
		};
		82BB22DE19464ECB00D65A36 /* Frameworks */ = {
			isa = PBXFrameworksBuildPhase;
			buildActionMask = 2147483647;
			files = (
			);
			runOnlyForDeploymentPostprocessing = 0;
		};
/* End PBXFrameworksBuildPhase section */

/* Begin PBXGroup section */
		82BB22C519464ECB00D65A36 = {
			isa = PBXGroup;
			children = (
				82BB22D019464ECB00D65A36 /* TestSwift */,
				82BB22E419464ECB00D65A36 /* TestSwiftTests */,
				82BB22CF19464ECB00D65A36 /* Products */,
			);
			sourceTree = "<group>";
		};
		82BB22CF19464ECB00D65A36 /* Products */ = {
			isa = PBXGroup;
			children = (
				82BB22CE19464ECB00D65A36 /* TestSwift.app */,
				82BB22E119464ECB00D65A36 /* TestSwiftTests.xctest */,
			);
			name = Products;
			sourceTree = "<group>";
		};
		82BB22D019464ECB00D65A36 /* TestSwift */ = {
			isa = PBXGroup;
			children = (
				82BB22D519464ECB00D65A36 /* AppDelegate.h */,
				82BB22D619464ECB00D65A36 /* AppDelegate.m */,
				82BB22DB19464ECB00D65A36 /* Images.xcassets */,
				82BB22D819464ECB00D65A36 /* TestSwift.xcdatamodeld */,
				82BB22D119464ECB00D65A36 /* Supporting Files */,
			);
			path = TestSwift;
			sourceTree = "<group>";
		};
		82BB22D119464ECB00D65A36 /* Supporting Files */ = {
			isa = PBXGroup;
			children = (
				82BB22D219464ECB00D65A36 /* Info.plist */,
				82BB22D319464ECB00D65A36 /* main.m */,
			);
			name = "Supporting Files";
			sourceTree = "<group>";
		};
		82BB22E419464ECB00D65A36 /* TestSwiftTests */ = {
			isa = PBXGroup;
			children = (
				82BB22E719464ECB00D65A36 /* TestSwiftTests.m */,
				82BB22E519464ECB00D65A36 /* Supporting Files */,
			);
			path = TestSwiftTests;
			sourceTree = "<group>";
		};
		82BB22E519464ECB00D65A36 /* Supporting Files */ = {
			isa = PBXGroup;
			children = (
				82BB22E619464ECB00D65A36 /* Info.plist */,
			);
			name = "Supporting Files";
			sourceTree = "<group>";
		};
/* End PBXGroup section */

/* Begin PBXNativeTarget section */
		82BB22CD19464ECB00D65A36 /* TestSwift */ = {
			isa = PBXNativeTarget;
			buildConfigurationList = 82BB22EB19464ECB00D65A36 /* Build configuration list for PBXNativeTarget "TestSwift" */;
			buildPhases = (
				82BB22CA19464ECB00D65A36 /* Sources */,
				82BB22CB19464ECB00D65A36 /* Frameworks */,
				82BB22CC19464ECB00D65A36 /* Resources */,
			);
			buildRules = (
			);
			dependencies = (
			);
			name = TestSwift;
			productName = TestSwift;
			productReference = 82BB22CE19464ECB00D65A36 /* TestSwift.app */;
			productType = "com.apple.product-type.application";
		};
		82BB22E019464ECB00D65A36 /* TestSwiftTests */ = {
			isa = PBXNativeTarget;
			buildConfigurationList = 82BB22EE19464ECB00D65A36 /* Build configuration list for PBXNativeTarget "TestSwiftTests" */;
			buildPhases = (
				82BB22DD19464ECB00D65A36 /* Sources */,
				82BB22DE19464ECB00D65A36 /* Frameworks */,
				82BB22DF19464ECB00D65A36 /* Resources */,
			);
			buildRules = (
			);
			dependencies = (
				82BB22E319464ECB00D65A36 /* PBXTargetDependency */,
			);
			name = TestSwiftTests;
			productName = TestSwiftTests;
			productReference = 82BB22E119464ECB00D65A36 /* TestSwiftTests.xctest */;
			productType = "com.apple.product-type.bundle.unit-test";
		};
/* End PBXNativeTarget section */

/* Begin PBXProject section */
		82BB22C619464ECB00D65A36 /* Project object */ = {
			isa = PBXProject;
			attributes = {
				LastUpgradeCheck = 0600;
				ORGANIZATIONNAME = "Laura Skelton";
				TargetAttributes = {
					82BB22CD19464ECB00D65A36 = {
						CreatedOnToolsVersion = 6.0;
					};
					82BB22E019464ECB00D65A36 = {
						CreatedOnToolsVersion = 6.0;
						TestTargetID = 82BB22CD19464ECB00D65A36;
					};
				};
			};
			buildConfigurationList = 82BB22C919464ECB00D65A36 /* Build configuration list for PBXProject "TestSwift" */;
			compatibilityVersion = "Xcode 3.2";
			developmentRegion = English;
			hasScannedForEncodings = 0;
			knownRegions = (
				en,
			);
			mainGroup = 82BB22C519464ECB00D65A36;
			productRefGroup = 82BB22CF19464ECB00D65A36 /* Products */;
			projectDirPath = "";
			projectRoot = "";
			targets = (
				82BB22CD19464ECB00D65A36 /* TestSwift */,
				82BB22E019464ECB00D65A36 /* TestSwiftTests */,
			);
		};
/* End PBXProject section */

/* Begin PBXResourcesBuildPhase section */
		82BB22CC19464ECB00D65A36 /* Resources */ = {
			isa = PBXResourcesBuildPhase;
			buildActionMask = 2147483647;
			files = (
				82BB22DC19464ECB00D65A36 /* Images.xcassets in Resources */,
			);
			runOnlyForDeploymentPostprocessing = 0;
		};
		82BB22DF19464ECB00D65A36 /* Resources */ = {
			isa = PBXResourcesBuildPhase;
			buildActionMask = 2147483647;
			files = (
			);
			runOnlyForDeploymentPostprocessing = 0;
		};
/* End PBXResourcesBuildPhase section */

/* Begin PBXSourcesBuildPhase section */
		82BB22CA19464ECB00D65A36 /* Sources */ = {
			isa = PBXSourcesBuildPhase;
			buildActionMask = 2147483647;
			files = (
				82BB22D719464ECB00D65A36 /* AppDelegate.m in Sources */,
				82BB22D419464ECB00D65A36 /* main.m in Sources */,
				82BB22DA19464ECB00D65A36 /* TestSwift.xcdatamodeld in Sources */,
			);
			runOnlyForDeploymentPostprocessing = 0;
		};
		82BB22DD19464ECB00D65A36 /* Sources */ = {
			isa = PBXSourcesBuildPhase;
			buildActionMask = 2147483647;
			files = (
				82BB22E819464ECB00D65A36 /* TestSwiftTests.m in Sources */,
			);
			runOnlyForDeploymentPostprocessing = 0;
		};
/* End PBXSourcesBuildPhase section */

/* Begin PBXTargetDependency section */
		82BB22E319464ECB00D65A36 /* PBXTargetDependency */ = {
			isa = PBXTargetDependency;
			target = 82BB22CD19464ECB00D65A36 /* TestSwift */;
			targetProxy = 82BB22E219464ECB00D65A36 /* PBXContainerItemProxy */;
		};
/* End PBXTargetDependency section */

/* Begin XCBuildConfiguration section */
		82BB22E919464ECB00D65A36 /* Debug */ = {
			isa = XCBuildConfiguration;
			buildSettings = {
				ALWAYS_SEARCH_USER_PATHS = NO;
				CLANG_CXX_LANGUAGE_STANDARD = "gnu++0x";
				CLANG_CXX_LIBRARY = "libc++";
				CLANG_ENABLE_MODULES = YES;
				CLANG_ENABLE_OBJC_ARC = YES;
				CLANG_WARN_BOOL_CONVERSION = YES;
				CLANG_WARN_CONSTANT_CONVERSION = YES;
				CLANG_WARN_DIRECT_OBJC_ISA_USAGE = YES_ERROR;
				CLANG_WARN_EMPTY_BODY = YES;
				CLANG_WARN_ENUM_CONVERSION = YES;
				CLANG_WARN_INT_CONVERSION = YES;
				CLANG_WARN_OBJC_ROOT_CLASS = YES_ERROR;
				CLANG_WARN_UNREACHABLE_CODE = YES;
				CLANG_WARN__DUPLICATE_METHOD_MATCH = YES;
				"CODE_SIGN_IDENTITY[sdk=iphoneos*]" = "iPhone Developer";
				COPY_PHASE_STRIP = NO;
				ENABLE_STRICT_OBJC_MSGSEND = YES;
				GCC_C_LANGUAGE_STANDARD = gnu99;
				GCC_DYNAMIC_NO_PIC = NO;
				GCC_OPTIMIZATION_LEVEL = 0;
				GCC_PREPROCESSOR_DEFINITIONS = (
					"DEBUG=1",
					"$(inherited)",
				);
				GCC_SYMBOLS_PRIVATE_EXTERN = NO;
				GCC_WARN_64_TO_32_BIT_CONVERSION = YES;
				GCC_WARN_ABOUT_RETURN_TYPE = YES_ERROR;
				GCC_WARN_UNDECLARED_SELECTOR = YES;
				GCC_WARN_UNINITIALIZED_AUTOS = YES_AGGRESSIVE;
				GCC_WARN_UNUSED_FUNCTION = YES;
				GCC_WARN_UNUSED_VARIABLE = YES;
				IPHONEOS_DEPLOYMENT_TARGET = 8.0;
				METAL_ENABLE_DEBUG_INFO = YES;
				ONLY_ACTIVE_ARCH = YES;
				SDKROOT = iphoneos;
			};
			name = Debug;
		};
		82BB22EA19464ECB00D65A36 /* Release */ = {
			isa = XCBuildConfiguration;
			buildSettings = {
				ALWAYS_SEARCH_USER_PATHS = NO;
				CLANG_CXX_LANGUAGE_STANDARD = "gnu++0x";
				CLANG_CXX_LIBRARY = "libc++";
				CLANG_ENABLE_MODULES = YES;
				CLANG_ENABLE_OBJC_ARC = YES;
				CLANG_WARN_BOOL_CONVERSION = YES;
				CLANG_WARN_CONSTANT_CONVERSION = YES;
				CLANG_WARN_DIRECT_OBJC_ISA_USAGE = YES_ERROR;
				CLANG_WARN_EMPTY_BODY = YES;
				CLANG_WARN_ENUM_CONVERSION = YES;
				CLANG_WARN_INT_CONVERSION = YES;
				CLANG_WARN_OBJC_ROOT_CLASS = YES_ERROR;
				CLANG_WARN_UNREACHABLE_CODE = YES;
				CLANG_WARN__DUPLICATE_METHOD_MATCH = YES;
				"CODE_SIGN_IDENTITY[sdk=iphoneos*]" = "iPhone Developer";
				COPY_PHASE_STRIP = YES;
				ENABLE_NS_ASSERTIONS = NO;
				ENABLE_STRICT_OBJC_MSGSEND = YES;
				GCC_C_LANGUAGE_STANDARD = gnu99;
				GCC_WARN_64_TO_32_BIT_CONVERSION = YES;
				GCC_WARN_ABOUT_RETURN_TYPE = YES_ERROR;
				GCC_WARN_UNDECLARED_SELECTOR = YES;
				GCC_WARN_UNINITIALIZED_AUTOS = YES_AGGRESSIVE;
				GCC_WARN_UNUSED_FUNCTION = YES;
				GCC_WARN_UNUSED_VARIABLE = YES;
				IPHONEOS_DEPLOYMENT_TARGET = 8.0;
				METAL_ENABLE_DEBUG_INFO = NO;
				SDKROOT = iphoneos;
				VALIDATE_PRODUCT = YES;
			};
			name = Release;
		};
		82BB22EC19464ECB00D65A36 /* Debug */ = {
			isa = XCBuildConfiguration;
			buildSettings = {
				ASSETCATALOG_COMPILER_APPICON_NAME = AppIcon;
				ASSETCATALOG_COMPILER_LAUNCHIMAGE_NAME = LaunchImage;
				INFOPLIST_FILE = TestSwift/Info.plist;
				LD_RUNPATH_SEARCH_PATHS = "$(inherited) @executable_path/Frameworks";
				PRODUCT_NAME = "$(TARGET_NAME)";
			};
			name = Debug;
		};
		82BB22ED19464ECB00D65A36 /* Release */ = {
			isa = XCBuildConfiguration;
			buildSettings = {
				ASSETCATALOG_COMPILER_APPICON_NAME = AppIcon;
				ASSETCATALOG_COMPILER_LAUNCHIMAGE_NAME = LaunchImage;
				INFOPLIST_FILE = TestSwift/Info.plist;
				LD_RUNPATH_SEARCH_PATHS = "$(inherited) @executable_path/Frameworks";
				PRODUCT_NAME = "$(TARGET_NAME)";
			};
			name = Release;
		};
		82BB22EF19464ECB00D65A36 /* Debug */ = {
			isa = XCBuildConfiguration;
			buildSettings = {
				BUNDLE_LOADER = "$(BUILT_PRODUCTS_DIR)/TestSwift.app/TestSwift";
				FRAMEWORK_SEARCH_PATHS = (
					"$(SDKROOT)/Developer/Library/Frameworks",
					"$(inherited)",
				);
				GCC_PREPROCESSOR_DEFINITIONS = (
					"DEBUG=1",
					"$(inherited)",
				);
				INFOPLIST_FILE = TestSwiftTests/Info.plist;
				LD_RUNPATH_SEARCH_PATHS = "$(inherited) @executable_path/Frameworks @loader_path/Frameworks";
				METAL_ENABLE_DEBUG_INFO = YES;
				PRODUCT_NAME = "$(TARGET_NAME)";
				TEST_HOST = "$(BUNDLE_LOADER)";
			};
			name = Debug;
		};
		82BB22F019464ECB00D65A36 /* Release */ = {
			isa = XCBuildConfiguration;
			buildSettings = {
				BUNDLE_LOADER = "$(BUILT_PRODUCTS_DIR)/TestSwift.app/TestSwift";
				FRAMEWORK_SEARCH_PATHS = (
					"$(SDKROOT)/Developer/Library/Frameworks",
					"$(inherited)",
				);
				INFOPLIST_FILE = TestSwiftTests/Info.plist;
				LD_RUNPATH_SEARCH_PATHS = "$(inherited) @executable_path/Frameworks @loader_path/Frameworks";
				METAL_ENABLE_DEBUG_INFO = NO;
				PRODUCT_NAME = "$(TARGET_NAME)";
				TEST_HOST = "$(BUNDLE_LOADER)";
			};
			name = Release;
		};
/* End XCBuildConfiguration section */

/* Begin XCConfigurationList section */
		82BB22C919464ECB00D65A36 /* Build configuration list for PBXProject "TestSwift" */ = {
			isa = XCConfigurationList;
			buildConfigurations = (
				82BB22E919464ECB00D65A36 /* Debug */,
				82BB22EA19464ECB00D65A36 /* Release */,
			);
			defaultConfigurationIsVisible = 0;
			defaultConfigurationName = Release;
		};
		82BB22EB19464ECB00D65A36 /* Build configuration list for PBXNativeTarget "TestSwift" */ = {
			isa = XCConfigurationList;
			buildConfigurations = (
				82BB22EC19464ECB00D65A36 /* Debug */,
				82BB22ED19464ECB00D65A36 /* Release */,
			);
			defaultConfigurationIsVisible = 0;
		};
		82BB22EE19464ECB00D65A36 /* Build configuration list for PBXNativeTarget "TestSwiftTests" */ = {
			isa = XCConfigurationList;
			buildConfigurations = (
				82BB22EF19464ECB00D65A36 /* Debug */,
				82BB22F019464ECB00D65A36 /* Release */,
			);
			defaultConfigurationIsVisible = 0;
		};
/* End XCConfigurationList section */

/* Begin XCVersionGroup section */
		82BB22D819464ECB00D65A36 /* TestSwift.xcdatamodeld */ = {
			isa = XCVersionGroup;
			children = (
				82BB22D919464ECB00D65A36 /* TestSwift.xcdatamodel */,
			);
			currentVersion = 82BB22D919464ECB00D65A36 /* TestSwift.xcdatamodel */;
			path = TestSwift.xcdatamodeld;
			sourceTree = "<group>";
			versionGroupType = wrapper.xcdatamodel;
		};
/* End XCVersionGroup section */
	};
	rootObject = 82BB22C619464ECB00D65A36 /* Project object */;
}
